
Microsoft Visual Studio Solution File, Format Version 12.00
# Visual Studio 15
VisualStudioVersion = 15.0.27428.2043
MinimumVisualStudioVersion = 10.0.40219.1
Project("{FAE04EC0-301F-11D3-BF4B-00C04F79EFBC}") = "LiveChatInc.Android", "LiveChatInc.Android\LiveChatInc.Android.csproj", "{8173CF4B-798B-4BEF-8C82-BC5A5CFB3180}"
EndProject
Global
	GlobalSection(SolutionConfigurationPlatforms) = preSolution
		Debug|Any CPU = Debug|Any CPU
		Release|Any CPU = Release|Any CPU
	EndGlobalSection
	GlobalSection(ProjectConfigurationPlatforms) = postSolution
		{8173CF4B-798B-4BEF-8C82-BC5A5CFB3180}.Debug|Any CPU.ActiveCfg = Debug|Any CPU
		{8173CF4B-798B-4BEF-8C82-BC5A5CFB3180}.Debug|Any CPU.Build.0 = Debug|Any CPU
		{8173CF4B-798B-4BEF-8C82-BC5A5CFB3180}.Release|Any CPU.ActiveCfg = Release|Any CPU
		{8173CF4B-798B-4BEF-8C82-BC5A5CFB3180}.Release|Any CPU.Build.0 = Release|Any CPU
	EndGlobalSection
	GlobalSection(SolutionProperties) = preSolution
		HideSolutionNode = FALSE
	EndGlobalSection
	GlobalSection(ExtensibilityGlobals) = postSolution
		SolutionGuid = {6246595D-0268-4318-9161-66BDDFDD9C43}
	EndGlobalSection
EndGlobal
